
Microsoft Visual Studio Solution File, Format Version 12.00
# Visual Studio 15
Project("{FAE04EC0-301F-11D3-BF4B-00C04F79EFBC}") = "Assembly-CSharp", "Assembly-CSharp.csproj", "{EE8FFAD5-91B2-FBBC-69E2-A94594FE7F47}"
EndProject
Project("{FAE04EC0-301F-11D3-BF4B-00C04F79EFBC}") = "Assembly-CSharp-Editor", "Assembly-CSharp-Editor.csproj", "{B39EE087-F669-8261-12D4-8E8AA40D7CC2}"
EndProject
Global
	GlobalSection(SolutionConfigurationPlatforms) = preSolution
		Debug|Any CPU = Debug|Any CPU
		Release|Any CPU = Release|Any CPU
	EndGlobalSection
	GlobalSection(ProjectConfigurationPlatforms) = postSolution
		{EE8FFAD5-91B2-FBBC-69E2-A94594FE7F47}.Debug|Any CPU.ActiveCfg = Debug|Any CPU
		{EE8FFAD5-91B2-FBBC-69E2-A94594FE7F47}.Debug|Any CPU.Build.0 = Debug|Any CPU
		{EE8FFAD5-91B2-FBBC-69E2-A94594FE7F47}.Release|Any CPU.ActiveCfg = Release|Any CPU
		{EE8FFAD5-91B2-FBBC-69E2-A94594FE7F47}.Release|Any CPU.Build.0 = Release|Any CPU
		{B39EE087-F669-8261-12D4-8E8AA40D7CC2}.Debug|Any CPU.ActiveCfg = Debug|Any CPU
		{B39EE087-F669-8261-12D4-8E8AA40D7CC2}.Debug|Any CPU.Build.0 = Debug|Any CPU
		{B39EE087-F669-8261-12D4-8E8AA40D7CC2}.Release|Any CPU.ActiveCfg = Release|Any CPU
		{B39EE087-F669-8261-12D4-8E8AA40D7CC2}.Release|Any CPU.Build.0 = Release|Any CPU
	EndGlobalSection
	GlobalSection(SolutionProperties) = preSolution
		HideSolutionNode = FALSE
	EndGlobalSection
EndGlobal
